
Microsoft Visual Studio Solution File, Format Version 12.00
# Visual Studio Version 17
VisualStudioVersion = 17.2.32630.192
MinimumVisualStudioVersion = 10.0.40219.1
Project("{9A19103F-16F7-4668-BE54-9A1E7A4F7556}") = "MoneyMe.Api", "MoneyMe.Api\MoneyMe.Api.csproj", "{82E4F1E3-0CCB-4A08-92CE-9F48589F31C3}"
EndProject
Project("{9A19103F-16F7-4668-BE54-9A1E7A4F7556}") = "MoneyMe.Domain", "MoneyMe.Domain\MoneyMe.Domain.csproj", "{3F2AD2B7-EF0C-4EAE-B1AF-59AE82C7D1CC}"
EndProject
Project("{9A19103F-16F7-4668-BE54-9A1E7A4F7556}") = "MoneyMe.Application", "MoneyMe.Application\MoneyMe.Application.csproj", "{1AF23A19-88C4-4F38-83BF-19C4815FD6C6}"
EndProject
Project("{9A19103F-16F7-4668-BE54-9A1E7A4F7556}") = "MoneyMe.Application.Contracts", "MoneyMe.Application.Contracts\MoneyMe.Application.Contracts.csproj", "{F74226E9-96B4-4BCF-84AC-FABB43FAB568}"
EndProject
Project("{9A19103F-16F7-4668-BE54-9A1E7A4F7556}") = "MoneyMe.Tests", "MoneyMe.Tests\MoneyMe.Tests.csproj", "{FE7BB2CF-36AA-4168-94AB-5D52C6D3AC70}"
EndProject
Project("{9A19103F-16F7-4668-BE54-9A1E7A4F7556}") = "MoneyMe.Domain.Shared", "MoneyMe.Domain.Shared\MoneyMe.Domain.Shared.csproj", "{D58323B3-3AAF-41FE-B7F0-9512113E31E8}"
EndProject
Project("{9A19103F-16F7-4668-BE54-9A1E7A4F7556}") = "MoneyMe.Infrastructure", "MoneyMe.Database\MoneyMe.Infrastructure.csproj", "{2A2D12C3-B539-474F-9C6D-6F13A89158D6}"
EndProject
Project("{54A90642-561A-4BB1-A94E-469ADEE60C69}") = "MoneyMe", "MoneyMe\MoneyMe.esproj", "{1C34256D-8EAA-4B80-9423-EE6DE224E94A}"
EndProject
Global
	GlobalSection(SolutionConfigurationPlatforms) = preSolution
		Debug|Any CPU = Debug|Any CPU
		Release|Any CPU = Release|Any CPU
	EndGlobalSection
	GlobalSection(ProjectConfigurationPlatforms) = postSolution
		{82E4F1E3-0CCB-4A08-92CE-9F48589F31C3}.Debug|Any CPU.ActiveCfg = Debug|Any CPU
		{82E4F1E3-0CCB-4A08-92CE-9F48589F31C3}.Debug|Any CPU.Build.0 = Debug|Any CPU
		{82E4F1E3-0CCB-4A08-92CE-9F48589F31C3}.Release|Any CPU.ActiveCfg = Release|Any CPU
		{82E4F1E3-0CCB-4A08-92CE-9F48589F31C3}.Release|Any CPU.Build.0 = Release|Any CPU
		{3F2AD2B7-EF0C-4EAE-B1AF-59AE82C7D1CC}.Debug|Any CPU.ActiveCfg = Debug|Any CPU
		{3F2AD2B7-EF0C-4EAE-B1AF-59AE82C7D1CC}.Debug|Any CPU.Build.0 = Debug|Any CPU
		{3F2AD2B7-EF0C-4EAE-B1AF-59AE82C7D1CC}.Release|Any CPU.ActiveCfg = Release|Any CPU
		{3F2AD2B7-EF0C-4EAE-B1AF-59AE82C7D1CC}.Release|Any CPU.Build.0 = Release|Any CPU
		{1AF23A19-88C4-4F38-83BF-19C4815FD6C6}.Debug|Any CPU.ActiveCfg = Debug|Any CPU
		{1AF23A19-88C4-4F38-83BF-19C4815FD6C6}.Debug|Any CPU.Build.0 = Debug|Any CPU
		{1AF23A19-88C4-4F38-83BF-19C4815FD6C6}.Release|Any CPU.ActiveCfg = Release|Any CPU
		{1AF23A19-88C4-4F38-83BF-19C4815FD6C6}.Release|Any CPU.Build.0 = Release|Any CPU
		{F74226E9-96B4-4BCF-84AC-FABB43FAB568}.Debug|Any CPU.ActiveCfg = Debug|Any CPU
		{F74226E9-96B4-4BCF-84AC-FABB43FAB568}.Debug|Any CPU.Build.0 = Debug|Any CPU
		{F74226E9-96B4-4BCF-84AC-FABB43FAB568}.Release|Any CPU.ActiveCfg = Release|Any CPU
		{F74226E9-96B4-4BCF-84AC-FABB43FAB568}.Release|Any CPU.Build.0 = Release|Any CPU
		{FE7BB2CF-36AA-4168-94AB-5D52C6D3AC70}.Debug|Any CPU.ActiveCfg = Debug|Any CPU
		{FE7BB2CF-36AA-4168-94AB-5D52C6D3AC70}.Debug|Any CPU.Build.0 = Debug|Any CPU
		{FE7BB2CF-36AA-4168-94AB-5D52C6D3AC70}.Release|Any CPU.ActiveCfg = Release|Any CPU
		{FE7BB2CF-36AA-4168-94AB-5D52C6D3AC70}.Release|Any CPU.Build.0 = Release|Any CPU
		{D58323B3-3AAF-41FE-B7F0-9512113E31E8}.Debug|Any CPU.ActiveCfg = Debug|Any CPU
		{D58323B3-3AAF-41FE-B7F0-9512113E31E8}.Debug|Any CPU.Build.0 = Debug|Any CPU
		{D58323B3-3AAF-41FE-B7F0-9512113E31E8}.Release|Any CPU.ActiveCfg = Release|Any CPU
		{D58323B3-3AAF-41FE-B7F0-9512113E31E8}.Release|Any CPU.Build.0 = Release|Any CPU
		{2A2D12C3-B539-474F-9C6D-6F13A89158D6}.Debug|Any CPU.ActiveCfg = Debug|Any CPU
		{2A2D12C3-B539-474F-9C6D-6F13A89158D6}.Debug|Any CPU.Build.0 = Debug|Any CPU
		{2A2D12C3-B539-474F-9C6D-6F13A89158D6}.Release|Any CPU.ActiveCfg = Release|Any CPU
		{2A2D12C3-B539-474F-9C6D-6F13A89158D6}.Release|Any CPU.Build.0 = Release|Any CPU
		{1C34256D-8EAA-4B80-9423-EE6DE224E94A}.Debug|Any CPU.ActiveCfg = Debug|Any CPU
		{1C34256D-8EAA-4B80-9423-EE6DE224E94A}.Debug|Any CPU.Build.0 = Debug|Any CPU
		{1C34256D-8EAA-4B80-9423-EE6DE224E94A}.Debug|Any CPU.Deploy.0 = Debug|Any CPU
		{1C34256D-8EAA-4B80-9423-EE6DE224E94A}.Release|Any CPU.ActiveCfg = Release|Any CPU
		{1C34256D-8EAA-4B80-9423-EE6DE224E94A}.Release|Any CPU.Build.0 = Release|Any CPU
		{1C34256D-8EAA-4B80-9423-EE6DE224E94A}.Release|Any CPU.Deploy.0 = Release|Any CPU
	EndGlobalSection
	GlobalSection(SolutionProperties) = preSolution
		HideSolutionNode = FALSE
	EndGlobalSection
	GlobalSection(ExtensibilityGlobals) = postSolution
		SolutionGuid = {859E6878-63E3-4AEC-8DDD-F0F2273E94DF}
	EndGlobalSection
EndGlobal
