
Microsoft Visual Studio Solution File, Format Version 12.00
# Visual Studio Version 17
VisualStudioVersion = 17.2.32630.192
MinimumVisualStudioVersion = 10.0.40219.1
Project("{FAE04EC0-301F-11D3-BF4B-00C04F79EFBC}") = "MoneyMe.Api", "MoneyMe.Api\MoneyMe.Api.csproj", "{82E4F1E3-0CCB-4A08-92CE-9F48589F31C3}"
EndProject
Project("{FAE04EC0-301F-11D3-BF4B-00C04F79EFBC}") = "MoneyMe.Domain", "MoneyMe.Domain\MoneyMe.Domain.csproj", "{3F2AD2B7-EF0C-4EAE-B1AF-59AE82C7D1CC}"
EndProject
Global
	GlobalSection(SolutionConfigurationPlatforms) = preSolution
		Debug|Any CPU = Debug|Any CPU
		Release|Any CPU = Release|Any CPU
	EndGlobalSection
	GlobalSection(ProjectConfigurationPlatforms) = postSolution
		{82E4F1E3-0CCB-4A08-92CE-9F48589F31C3}.Debug|Any CPU.ActiveCfg = Debug|Any CPU
		{82E4F1E3-0CCB-4A08-92CE-9F48589F31C3}.Debug|Any CPU.Build.0 = Debug|Any CPU
		{82E4F1E3-0CCB-4A08-92CE-9F48589F31C3}.Release|Any CPU.ActiveCfg = Release|Any CPU
		{82E4F1E3-0CCB-4A08-92CE-9F48589F31C3}.Release|Any CPU.Build.0 = Release|Any CPU
		{3F2AD2B7-EF0C-4EAE-B1AF-59AE82C7D1CC}.Debug|Any CPU.ActiveCfg = Debug|Any CPU
		{3F2AD2B7-EF0C-4EAE-B1AF-59AE82C7D1CC}.Debug|Any CPU.Build.0 = Debug|Any CPU
		{3F2AD2B7-EF0C-4EAE-B1AF-59AE82C7D1CC}.Release|Any CPU.ActiveCfg = Release|Any CPU
		{3F2AD2B7-EF0C-4EAE-B1AF-59AE82C7D1CC}.Release|Any CPU.Build.0 = Release|Any CPU
	EndGlobalSection
	GlobalSection(SolutionProperties) = preSolution
		HideSolutionNode = FALSE
	EndGlobalSection
	GlobalSection(ExtensibilityGlobals) = postSolution
		SolutionGuid = {859E6878-63E3-4AEC-8DDD-F0F2273E94DF}
	EndGlobalSection
EndGlobal
